
Microsoft Visual Studio Solution File, Format Version 12.00
# Visual Studio Version 17
VisualStudioVersion = 17.14.36401.2
MinimumVisualStudioVersion = 10.0.40219.1
Project("{FAE04EC0-301F-11D3-BF4B-00C04F79EFBC}") = "QOLFreeLoadSpeedIncrease", "Framework2082\QOLFreeLoadSpeedIncrease.csproj", "{1BD9B802-7481-4D0E-B715-FF9BE8DAEF32}"
EndProject
Project("{FAE04EC0-301F-11D3-BF4B-00C04F79EFBC}") = "WeaponsFramework", "TargetingRework\WeaponsFramework.csproj", "{F6C3DA20-D3EE-440E-A145-FF5883F4042E}"
EndProject
Project("{FAE04EC0-301F-11D3-BF4B-00C04F79EFBC}") = "IndependentOption", "IndependentOption\IndependentOption.csproj", "{F4247AB6-3A30-40BA-8396-9DEE19B43136}"
EndProject
Project("{FAE04EC0-301F-11D3-BF4B-00C04F79EFBC}") = "GravityOption", "GravityOption\GravityOption.csproj", "{4CAAB37E-CAEB-4704-AA93-8A28463D4EAC}"
EndProject
Global
	GlobalSection(SolutionConfigurationPlatforms) = preSolution
		Debug|Any CPU = Debug|Any CPU
		Release|Any CPU = Release|Any CPU
	EndGlobalSection
	GlobalSection(ProjectConfigurationPlatforms) = postSolution
		{1BD9B802-7481-4D0E-B715-FF9BE8DAEF32}.Debug|Any CPU.ActiveCfg = Debug|Any CPU
		{1BD9B802-7481-4D0E-B715-FF9BE8DAEF32}.Debug|Any CPU.Build.0 = Debug|Any CPU
		{1BD9B802-7481-4D0E-B715-FF9BE8DAEF32}.Release|Any CPU.ActiveCfg = Release|Any CPU
		{1BD9B802-7481-4D0E-B715-FF9BE8DAEF32}.Release|Any CPU.Build.0 = Release|Any CPU
		{F6C3DA20-D3EE-440E-A145-FF5883F4042E}.Debug|Any CPU.ActiveCfg = Debug|Any CPU
		{F6C3DA20-D3EE-440E-A145-FF5883F4042E}.Debug|Any CPU.Build.0 = Debug|Any CPU
		{F6C3DA20-D3EE-440E-A145-FF5883F4042E}.Release|Any CPU.ActiveCfg = Release|Any CPU
		{F6C3DA20-D3EE-440E-A145-FF5883F4042E}.Release|Any CPU.Build.0 = Release|Any CPU
		{F4247AB6-3A30-40BA-8396-9DEE19B43136}.Debug|Any CPU.ActiveCfg = Debug|Any CPU
		{F4247AB6-3A30-40BA-8396-9DEE19B43136}.Debug|Any CPU.Build.0 = Debug|Any CPU
		{F4247AB6-3A30-40BA-8396-9DEE19B43136}.Release|Any CPU.ActiveCfg = Release|Any CPU
		{F4247AB6-3A30-40BA-8396-9DEE19B43136}.Release|Any CPU.Build.0 = Release|Any CPU
		{4CAAB37E-CAEB-4704-AA93-8A28463D4EAC}.Debug|Any CPU.ActiveCfg = Debug|Any CPU
		{4CAAB37E-CAEB-4704-AA93-8A28463D4EAC}.Debug|Any CPU.Build.0 = Debug|Any CPU
		{4CAAB37E-CAEB-4704-AA93-8A28463D4EAC}.Release|Any CPU.ActiveCfg = Release|Any CPU
		{4CAAB37E-CAEB-4704-AA93-8A28463D4EAC}.Release|Any CPU.Build.0 = Release|Any CPU
	EndGlobalSection
	GlobalSection(SolutionProperties) = preSolution
		HideSolutionNode = FALSE
	EndGlobalSection
	GlobalSection(ExtensibilityGlobals) = postSolution
		SolutionGuid = {B5AD182B-B5AD-4472-A828-602C6E84D4FD}
	EndGlobalSection
EndGlobal
